
Microsoft Visual Studio Solution File, Format Version 12.00
# Visual Studio Version 16
VisualStudioVersion = 16.0.29009.5
MinimumVisualStudioVersion = 10.0.40219.1
Project("{9A19103F-16F7-4668-BE54-9A1E7A4F7556}") = "Battleships", "Battleships\Battleships.csproj", "{A18C8E38-3910-4B87-8AA3-FC92352044D1}"
EndProject
Project("{FAE04EC0-301F-11D3-BF4B-00C04F79EFBC}") = "Battleships.Tests", "Battleships.Tests\Battleships.Tests.csproj", "{A054CDE3-7599-4CE9-A789-AE0DF841F8C1}"
EndProject
Global
	GlobalSection(SolutionConfigurationPlatforms) = preSolution
		Debug|Any CPU = Debug|Any CPU
		Release|Any CPU = Release|Any CPU
	EndGlobalSection
	GlobalSection(ProjectConfigurationPlatforms) = postSolution
		{A18C8E38-3910-4B87-8AA3-FC92352044D1}.Debug|Any CPU.ActiveCfg = Debug|Any CPU
		{A18C8E38-3910-4B87-8AA3-FC92352044D1}.Debug|Any CPU.Build.0 = Debug|Any CPU
		{A18C8E38-3910-4B87-8AA3-FC92352044D1}.Release|Any CPU.ActiveCfg = Release|Any CPU
		{A18C8E38-3910-4B87-8AA3-FC92352044D1}.Release|Any CPU.Build.0 = Release|Any CPU
		{A054CDE3-7599-4CE9-A789-AE0DF841F8C1}.Debug|Any CPU.ActiveCfg = Debug|Any CPU
		{A054CDE3-7599-4CE9-A789-AE0DF841F8C1}.Debug|Any CPU.Build.0 = Debug|Any CPU
		{A054CDE3-7599-4CE9-A789-AE0DF841F8C1}.Release|Any CPU.ActiveCfg = Release|Any CPU
		{A054CDE3-7599-4CE9-A789-AE0DF841F8C1}.Release|Any CPU.Build.0 = Release|Any CPU
	EndGlobalSection
	GlobalSection(SolutionProperties) = preSolution
		HideSolutionNode = FALSE
	EndGlobalSection
	GlobalSection(ExtensibilityGlobals) = postSolution
		SolutionGuid = {4680507D-0ABF-43AB-AD71-F89BE5767743}
	EndGlobalSection
EndGlobal
